Microsoft Visual Studio Solution File, Format Version 12.00
# Visual Studio Version 17
VisualStudioVersion = 17.5.2.0
MinimumVisualStudioVersion = 10.0.40219.1
Project("{FAE04EC0-301F-11D3-BF4B-00C04F79EFBC}") = "HellowWorld", "HellowWorld\HellowWorld.csproj", "{1A36BC4E-425E-226B-A938-C024C632A57B}"
EndProject
Global
	GlobalSection(SolutionConfigurationPlatforms) = preSolution
		Debug|Any CPU = Debug|Any CPU
		Release|Any CPU = Release|Any CPU
	EndGlobalSection
	GlobalSection(ProjectConfigurationPlatforms) = postSolution
		{1A36BC4E-425E-226B-A938-C024C632A57B}.Debug|Any CPU.ActiveCfg = Debug|Any CPU
		{1A36BC4E-425E-226B-A938-C024C632A57B}.Debug|Any CPU.Build.0 = Debug|Any CPU
		{1A36BC4E-425E-226B-A938-C024C632A57B}.Release|Any CPU.ActiveCfg = Release|Any CPU
		{1A36BC4E-425E-226B-A938-C024C632A57B}.Release|Any CPU.Build.0 = Release|Any CPU
	EndGlobalSection
	GlobalSection(SolutionProperties) = preSolution
		HideSolutionNode = FALSE
	EndGlobalSection
	GlobalSection(ExtensibilityGlobals) = postSolution
		SolutionGuid = {52BFA6F6-5371-4582-A5B2-96FDD72FD77C}
	EndGlobalSection
EndGlobal
